
Microsoft Visual Studio Solution File, Format Version 12.00
# Visual Studio Version 16
VisualStudioVersion = 16.0.29926.136
MinimumVisualStudioVersion = 10.0.40219.1
Project("{FAE04EC0-301F-11D3-BF4B-00C04F79EFBC}") = "OctoAwesome", "OctoAwesome\OctoAwesome.csproj", "{AFE07C8E-E38D-4742-8B94-6EB659A5B637}"
EndProject
Global
	GlobalSection(SolutionConfigurationPlatforms) = preSolution
		Debug|Any CPU = Debug|Any CPU
		Release|Any CPU = Release|Any CPU
	EndGlobalSection
	GlobalSection(ProjectConfigurationPlatforms) = postSolution
		{AFE07C8E-E38D-4742-8B94-6EB659A5B637}.Debug|Any CPU.ActiveCfg = Debug|Any CPU
		{AFE07C8E-E38D-4742-8B94-6EB659A5B637}.Debug|Any CPU.Build.0 = Debug|Any CPU
		{AFE07C8E-E38D-4742-8B94-6EB659A5B637}.Release|Any CPU.ActiveCfg = Release|Any CPU
		{AFE07C8E-E38D-4742-8B94-6EB659A5B637}.Release|Any CPU.Build.0 = Release|Any CPU
	EndGlobalSection
	GlobalSection(SolutionProperties) = preSolution
		HideSolutionNode = FALSE
	EndGlobalSection
	GlobalSection(ExtensibilityGlobals) = postSolution
		SolutionGuid = {E40137A8-65D6-4FC5-992C-CDF88B3E5E0A}
	EndGlobalSection
EndGlobal
