
Microsoft Visual Studio Solution File, Format Version 12.00
# Visual Studio 2013
VisualStudioVersion = 12.0.31101.0
MinimumVisualStudioVersion = 10.0.40219.1
Project("{FAE04EC0-301F-11D3-BF4B-00C04F79EFBC}") = "OctoAwesome", "OctoAwesome\OctoAwesome.csproj", "{AFE07C8E-E38D-4742-8B94-6EB659A5B637}"
EndProject
Project("{FAE04EC0-301F-11D3-BF4B-00C04F79EFBC}") = "MapEditor", "MapEditor\MapEditor.csproj", "{FD5DAC77-9238-4968-AB31-5FD611920746}"
EndProject
Project("{FAE04EC0-301F-11D3-BF4B-00C04F79EFBC}") = "OctoAwesomeDX", "OctoAwesomeDX\OctoAwesomeDX.csproj", "{C6D057F8-EFC8-46E0-B453-EB7C6E1C2ACC}"
EndProject
Global
	GlobalSection(SolutionConfigurationPlatforms) = preSolution
		Debug|Any CPU = Debug|Any CPU
		Debug|Mixed Platforms = Debug|Mixed Platforms
		Debug|x86 = Debug|x86
		Release|Any CPU = Release|Any CPU
		Release|Mixed Platforms = Release|Mixed Platforms
		Release|x86 = Release|x86
	EndGlobalSection
	GlobalSection(ProjectConfigurationPlatforms) = postSolution
		{AFE07C8E-E38D-4742-8B94-6EB659A5B637}.Debug|Any CPU.ActiveCfg = Debug|Any CPU
		{AFE07C8E-E38D-4742-8B94-6EB659A5B637}.Debug|Any CPU.Build.0 = Debug|Any CPU
		{AFE07C8E-E38D-4742-8B94-6EB659A5B637}.Debug|Mixed Platforms.ActiveCfg = Debug|Any CPU
		{AFE07C8E-E38D-4742-8B94-6EB659A5B637}.Debug|Mixed Platforms.Build.0 = Debug|Any CPU
		{AFE07C8E-E38D-4742-8B94-6EB659A5B637}.Debug|x86.ActiveCfg = Debug|Any CPU
		{AFE07C8E-E38D-4742-8B94-6EB659A5B637}.Debug|x86.Build.0 = Debug|Any CPU
		{AFE07C8E-E38D-4742-8B94-6EB659A5B637}.Release|Any CPU.ActiveCfg = Release|Any CPU
		{AFE07C8E-E38D-4742-8B94-6EB659A5B637}.Release|Any CPU.Build.0 = Release|Any CPU
		{AFE07C8E-E38D-4742-8B94-6EB659A5B637}.Release|Mixed Platforms.ActiveCfg = Release|Any CPU
		{AFE07C8E-E38D-4742-8B94-6EB659A5B637}.Release|Mixed Platforms.Build.0 = Release|Any CPU
		{AFE07C8E-E38D-4742-8B94-6EB659A5B637}.Release|x86.ActiveCfg = Release|Any CPU
		{AFE07C8E-E38D-4742-8B94-6EB659A5B637}.Release|x86.Build.0 = Release|Any CPU
		{FD5DAC77-9238-4968-AB31-5FD611920746}.Debug|Any CPU.ActiveCfg = Debug|Any CPU
		{FD5DAC77-9238-4968-AB31-5FD611920746}.Debug|Any CPU.Build.0 = Debug|Any CPU
		{FD5DAC77-9238-4968-AB31-5FD611920746}.Debug|Mixed Platforms.ActiveCfg = Debug|Any CPU
		{FD5DAC77-9238-4968-AB31-5FD611920746}.Debug|Mixed Platforms.Build.0 = Debug|Any CPU
		{FD5DAC77-9238-4968-AB31-5FD611920746}.Debug|x86.ActiveCfg = Debug|Any CPU
		{FD5DAC77-9238-4968-AB31-5FD611920746}.Debug|x86.Build.0 = Debug|Any CPU
		{FD5DAC77-9238-4968-AB31-5FD611920746}.Release|Any CPU.ActiveCfg = Release|Any CPU
		{FD5DAC77-9238-4968-AB31-5FD611920746}.Release|Any CPU.Build.0 = Release|Any CPU
		{FD5DAC77-9238-4968-AB31-5FD611920746}.Release|Mixed Platforms.ActiveCfg = Release|Any CPU
		{FD5DAC77-9238-4968-AB31-5FD611920746}.Release|Mixed Platforms.Build.0 = Release|Any CPU
		{FD5DAC77-9238-4968-AB31-5FD611920746}.Release|x86.ActiveCfg = Release|Any CPU
		{FD5DAC77-9238-4968-AB31-5FD611920746}.Release|x86.Build.0 = Release|Any CPU
		{C6D057F8-EFC8-46E0-B453-EB7C6E1C2ACC}.Debug|Any CPU.ActiveCfg = Debug|x86
		{C6D057F8-EFC8-46E0-B453-EB7C6E1C2ACC}.Debug|Mixed Platforms.ActiveCfg = Debug|x86
		{C6D057F8-EFC8-46E0-B453-EB7C6E1C2ACC}.Debug|Mixed Platforms.Build.0 = Debug|x86
		{C6D057F8-EFC8-46E0-B453-EB7C6E1C2ACC}.Debug|x86.ActiveCfg = Debug|x86
		{C6D057F8-EFC8-46E0-B453-EB7C6E1C2ACC}.Debug|x86.Build.0 = Debug|x86
		{C6D057F8-EFC8-46E0-B453-EB7C6E1C2ACC}.Release|Any CPU.ActiveCfg = Release|x86
		{C6D057F8-EFC8-46E0-B453-EB7C6E1C2ACC}.Release|Mixed Platforms.ActiveCfg = Release|x86
		{C6D057F8-EFC8-46E0-B453-EB7C6E1C2ACC}.Release|Mixed Platforms.Build.0 = Release|x86
		{C6D057F8-EFC8-46E0-B453-EB7C6E1C2ACC}.Release|x86.ActiveCfg = Release|x86
		{C6D057F8-EFC8-46E0-B453-EB7C6E1C2ACC}.Release|x86.Build.0 = Release|x86
	EndGlobalSection
	GlobalSection(SolutionProperties) = preSolution
		HideSolutionNode = FALSE
	EndGlobalSection
	GlobalSection(ExtensibilityGlobals) = postSolution
		SolutionGuid = {E40137A8-65D6-4FC5-992C-CDF88B3E5E0A}
	EndGlobalSection
EndGlobal
